
Microsoft Visual Studio Solution File, Format Version 12.00
# Visual Studio Version 17
VisualStudioVersion = 17.9.34723.18
MinimumVisualStudioVersion = 10.0.40219.1
Project("{FAE04EC0-301F-11D3-BF4B-00C04F79EFBC}") = "hqm-server-proxy", "hqm-server-proxy\hqm-server-proxy.csproj", "{774AAC39-081C-4F4E-ACC6-457BA18307C9}"
EndProject
Global
	GlobalSection(SolutionConfigurationPlatforms) = preSolution
		Debug|Any CPU = Debug|Any CPU
		Release|Any CPU = Release|Any CPU
	EndGlobalSection
	GlobalSection(ProjectConfigurationPlatforms) = postSolution
		{774AAC39-081C-4F4E-ACC6-457BA18307C9}.Debug|Any CPU.ActiveCfg = Debug|Any CPU
		{774AAC39-081C-4F4E-ACC6-457BA18307C9}.Debug|Any CPU.Build.0 = Debug|Any CPU
		{774AAC39-081C-4F4E-ACC6-457BA18307C9}.Release|Any CPU.ActiveCfg = Release|Any CPU
		{774AAC39-081C-4F4E-ACC6-457BA18307C9}.Release|Any CPU.Build.0 = Release|Any CPU
	EndGlobalSection
	GlobalSection(SolutionProperties) = preSolution
		HideSolutionNode = FALSE
	EndGlobalSection
	GlobalSection(ExtensibilityGlobals) = postSolution
		SolutionGuid = {B9FC169D-B04F-4861-9623-6E3584D5DA5A}
	EndGlobalSection
EndGlobal
